{
  "name": "Russia2018",
  "version": "1.0.0",
  "lockfileVersion": 1,
  "requires": true,
  "dependencies": {
    "format-json-pretty": {
      "version": "1.0.1",
      "resolved": "https://registry.npmjs.org/format-json-pretty/-/format-json-pretty-1.0.1.tgz",
      "integrity": "sha1-9xczeMXzlD+Q9bFhTajtaLKwPNg="
    }
  }
}
